# This file is automatically @generated by Cargo.
# It is not intended for manual editing.
version = 3

[[package]]
name = "lib-functions"
version = "0.1.0"

[[package]]
name = "lib-variables"
version = "0.1.0"

[[package]]
name = "mainner"
version = "0.1.0"
dependencies = [
 "lib-functions",
 "lib-variables",
]
